{
  "version": 4,
  "terraform_version": "1.1.5",
  "serial": 21,
  "lineage": "e49d1f0d-953f-5f0d-cbed-0698df8788d3",
  "outputs": {
    "apigateway-cloudwatch-log-group": {
      "value": "/aws/ecs/apigateway",
      "type": "string"
    }
  },
  "resources": [
    {
      "mode": "managed",
      "type": "aws_cloudwatch_log_group",
      "name": "apigateway",
      "provider": "provider[\"registry.terraform.io/hashicorp/aws\"]",
      "instances": [
        {
          "schema_version": 0,
          "attributes": {
            "arn": "arn:aws:logs:us-east-1:653470767467:log-group:/aws/ecs/apigateway",
            "id": "/aws/ecs/apigateway",
            "kms_key_id": "",
            "name": "/aws/ecs/apigateway",
            "name_prefix": null,
            "retention_in_days": 1,
            "tags": null,
            "tags_all": {}
          },
          "sensitive_attributes": [],
          "private": "bnVsbA=="
        }
      ]
    },
    {
      "mode": "managed",
      "type": "aws_cloudwatch_log_group",
      "name": "assignment-service",
      "provider": "provider[\"registry.terraform.io/hashicorp/aws\"]",
      "instances": [
        {
          "schema_version": 0,
          "attributes": {
            "arn": "arn:aws:logs:us-east-1:653470767467:log-group:/aws/ecs/assignment-service-task",
            "id": "/aws/ecs/assignment-service-task",
            "kms_key_id": "",
            "name": "/aws/ecs/assignment-service-task",
            "name_prefix": null,
            "retention_in_days": 1,
            "tags": null,
            "tags_all": {}
          },
          "sensitive_attributes": [],
          "private": "bnVsbA=="
        }
      ]
    },
    {
      "mode": "managed",
      "type": "aws_cloudwatch_log_group",
      "name": "class-service",
      "provider": "provider[\"registry.terraform.io/hashicorp/aws\"]",
      "instances": [
        {
          "schema_version": 0,
          "attributes": {
            "arn": "arn:aws:logs:us-east-1:653470767467:log-group:/aws/ecs/class-sevice-task",
            "id": "/aws/ecs/class-sevice-task",
            "kms_key_id": "",
            "name": "/aws/ecs/class-sevice-task",
            "name_prefix": null,
            "retention_in_days": 1,
            "tags": null,
            "tags_all": {}
          },
          "sensitive_attributes": [],
          "private": "bnVsbA=="
        }
      ]
    },
    {
      "mode": "managed",
      "type": "aws_cloudwatch_log_group",
      "name": "discovery-service",
      "provider": "provider[\"registry.terraform.io/hashicorp/aws\"]",
      "instances": [
        {
          "schema_version": 0,
          "attributes": {
            "arn": "arn:aws:logs:us-east-1:653470767467:log-group:/aws/ecs/discovery-service-task",
            "id": "/aws/ecs/discovery-service-task",
            "kms_key_id": "",
            "name": "/aws/ecs/discovery-service-task",
            "name_prefix": null,
            "retention_in_days": 1,
            "tags": null,
            "tags_all": {}
          },
          "sensitive_attributes": [],
          "private": "bnVsbA=="
        }
      ]
    },
    {
      "mode": "managed",
      "type": "aws_cloudwatch_log_group",
      "name": "discussion-service",
      "provider": "provider[\"registry.terraform.io/hashicorp/aws\"]",
      "instances": [
        {
          "schema_version": 0,
          "attributes": {
            "arn": "arn:aws:logs:us-east-1:653470767467:log-group:/aws/ecs/discussion-service-task",
            "id": "/aws/ecs/discussion-service-task",
            "kms_key_id": "",
            "name": "/aws/ecs/discussion-service-task",
            "name_prefix": null,
            "retention_in_days": 1,
            "tags": null,
            "tags_all": {}
          },
          "sensitive_attributes": [],
          "private": "bnVsbA=="
        }
      ]
    },
    {
      "mode": "managed",
      "type": "aws_cloudwatch_log_group",
      "name": "event-service",
      "provider": "provider[\"registry.terraform.io/hashicorp/aws\"]",
      "instances": [
        {
          "schema_version": 0,
          "attributes": {
            "arn": "arn:aws:logs:us-east-1:653470767467:log-group:/aws/ecs/event-service-task",
            "id": "/aws/ecs/event-service-task",
            "kms_key_id": "",
            "name": "/aws/ecs/event-service-task",
            "name_prefix": null,
            "retention_in_days": 1,
            "tags": null,
            "tags_all": {}
          },
          "sensitive_attributes": [],
          "private": "bnVsbA=="
        }
      ]
    },
    {
      "mode": "managed",
      "type": "aws_cloudwatch_log_group",
      "name": "user-data-service",
      "provider": "provider[\"registry.terraform.io/hashicorp/aws\"]",
      "instances": [
        {
          "schema_version": 0,
          "attributes": {
            "arn": "arn:aws:logs:us-east-1:653470767467:log-group:/aws/ecs/user-data-service-task",
            "id": "/aws/ecs/user-data-service-task",
            "kms_key_id": "",
            "name": "/aws/ecs/user-data-service-task",
            "name_prefix": null,
            "retention_in_days": 1,
            "tags": null,
            "tags_all": {}
          },
          "sensitive_attributes": [],
          "private": "bnVsbA=="
        }
      ]
    }
  ]
}
